{
  "name": "contacts-with-testing",
  "version": "1.0.0",
  "lockfileVersion": 1,
  "requires": true,
  "dependencies": {
    "console.table": {
      "version": "0.8.0",
      "resolved": "https://registry.npmjs.org/console.table/-/console.table-0.8.0.tgz",
      "integrity": "sha1-aekdLqv8ztmgyHfqZwslHGvb018=",
      "requires": {
        "easy-table": "1.0.0"
      }
    },
    "easy-table": {
      "version": "1.0.0",
      "resolved": "https://registry.npmjs.org/easy-table/-/easy-table-1.0.0.tgz",
      "integrity": "sha1-KdstCFXTYxbkOC5aPYXZy1/JMhY="
    }
  }
}
